
Microsoft Visual Studio Solution File, Format Version 12.00
# Visual Studio Version 17
VisualStudioVersion = 17.8.34004.107
MinimumVisualStudioVersion = 10.0.40219.1
Project("{FAE04EC0-301F-11D3-BF4B-00C04F79EFBC}") = "CertAuth", "CertAuth.csproj", "{FEE935BD-EBED-4079-994B-006A2709840B}"
EndProject
Global
	GlobalSection(SolutionConfigurationPlatforms) = preSolution
		Debug|Any CPU = Debug|Any CPU
		Release|Any CPU = Release|Any CPU
	EndGlobalSection
	GlobalSection(ProjectConfigurationPlatforms) = postSolution
		{FEE935BD-EBED-4079-994B-006A2709840B}.Debug|Any CPU.ActiveCfg = Debug|Any CPU
		{FEE935BD-EBED-4079-994B-006A2709840B}.Debug|Any CPU.Build.0 = Debug|Any CPU
		{FEE935BD-EBED-4079-994B-006A2709840B}.Release|Any CPU.ActiveCfg = Release|Any CPU
		{FEE935BD-EBED-4079-994B-006A2709840B}.Release|Any CPU.Build.0 = Release|Any CPU
	EndGlobalSection
	GlobalSection(SolutionProperties) = preSolution
		HideSolutionNode = FALSE
	EndGlobalSection
	GlobalSection(ExtensibilityGlobals) = postSolution
		SolutionGuid = {015094C2-6A52-4FF8-B23F-7306D713BA67}
	EndGlobalSection
EndGlobal
