
Microsoft Visual Studio Solution File, Format Version 12.00
# Visual Studio Version 17
VisualStudioVersion = 17.8.34004.107
MinimumVisualStudioVersion = 10.0.40219.1
Project("{FAE04EC0-301F-11D3-BF4B-00C04F79EFBC}") = "CertificateCreation", "CertificateCreation.csproj", "{C35DE22F-53AD-46E2-B97E-2B3AF8121A83}"
EndProject
Global
	GlobalSection(SolutionConfigurationPlatforms) = preSolution
		Debug|Any CPU = Debug|Any CPU
		Release|Any CPU = Release|Any CPU
	EndGlobalSection
	GlobalSection(ProjectConfigurationPlatforms) = postSolution
		{C35DE22F-53AD-46E2-B97E-2B3AF8121A83}.Debug|Any CPU.ActiveCfg = Debug|Any CPU
		{C35DE22F-53AD-46E2-B97E-2B3AF8121A83}.Debug|Any CPU.Build.0 = Debug|Any CPU
		{C35DE22F-53AD-46E2-B97E-2B3AF8121A83}.Release|Any CPU.ActiveCfg = Release|Any CPU
		{C35DE22F-53AD-46E2-B97E-2B3AF8121A83}.Release|Any CPU.Build.0 = Release|Any CPU
	EndGlobalSection
	GlobalSection(SolutionProperties) = preSolution
		HideSolutionNode = FALSE
	EndGlobalSection
	GlobalSection(ExtensibilityGlobals) = postSolution
		SolutionGuid = {D797B892-96A3-4FBD-9279-24532C5281AA}
	EndGlobalSection
EndGlobal
